
Microsoft Visual Studio Solution File, Format Version 12.00
# Visual Studio Version 17
VisualStudioVersion = 17.1.32421.90
MinimumVisualStudioVersion = 10.0.40219.1
Project("{FAE04EC0-301F-11D3-BF4B-00C04F79EFBC}") = "ReactServices", "ReactServices\ReactServices.csproj", "{F8E74F2A-CC47-4922-8B49-7CA84FF966AD}"
EndProject
Global
	GlobalSection(SolutionConfigurationPlatforms) = preSolution
		Debug|Any CPU = Debug|Any CPU
		Release|Any CPU = Release|Any CPU
	EndGlobalSection
	GlobalSection(ProjectConfigurationPlatforms) = postSolution
		{F8E74F2A-CC47-4922-8B49-7CA84FF966AD}.Debug|Any CPU.ActiveCfg = Debug|Any CPU
		{F8E74F2A-CC47-4922-8B49-7CA84FF966AD}.Debug|Any CPU.Build.0 = Debug|Any CPU
		{F8E74F2A-CC47-4922-8B49-7CA84FF966AD}.Release|Any CPU.ActiveCfg = Release|Any CPU
		{F8E74F2A-CC47-4922-8B49-7CA84FF966AD}.Release|Any CPU.Build.0 = Release|Any CPU
	EndGlobalSection
	GlobalSection(SolutionProperties) = preSolution
		HideSolutionNode = FALSE
	EndGlobalSection
	GlobalSection(ExtensibilityGlobals) = postSolution
		SolutionGuid = {1452F641-8A32-434C-AFD2-048E610BE659}
	EndGlobalSection
EndGlobal
